// !$*UTF8*$!
{
	archiveVersion = 1;
	classes = {
	};
	objectVersion = 46;
	objects = {

/* Begin PBXBuildFile section */
		71EC53B87C82F83DD039DABD /* Pods.framework in Frameworks */ = {isa = PBXBuildFile; fileRef = E4007802E2A99C9C2D6D9842 /* Pods.framework */; settings = {ATTRIBUTES = (Weak, ); }; };
		C85ADB251B9FD6860038AE78 /* AppDelegate.swift in Sources */ = {isa = PBXBuildFile; fileRef = C85ADB241B9FD6860038AE78 /* AppDelegate.swift */; };
		C85ADB2C1B9FD6860038AE78 /* Assets.xcassets in Resources */ = {isa = PBXBuildFile; fileRef = C85ADB2B1B9FD6860038AE78 /* Assets.xcassets */; };
		C875CF9F1B9FDE38004D3D05 /* UserAccount.swift in Sources */ = {isa = PBXBuildFile; fileRef = C875CF8C1B9FDE38004D3D05 /* UserAccount.swift */; settings = {ASSET_TAGS = (); }; };
		C875CFA01B9FDE38004D3D05 /* DiscoverTableViewController.swift in Sources */ = {isa = PBXBuildFile; fileRef = C875CF8F1B9FDE38004D3D05 /* DiscoverTableViewController.swift */; settings = {ASSET_TAGS = (); }; };
		C875CFA11B9FDE38004D3D05 /* HomeTableViewController.swift in Sources */ = {isa = PBXBuildFile; fileRef = C875CF911B9FDE38004D3D05 /* HomeTableViewController.swift */; settings = {ASSET_TAGS = (); }; };
		C875CFA21B9FDE38004D3D05 /* BaseTableViewController.swift in Sources */ = {isa = PBXBuildFile; fileRef = C875CF931B9FDE38004D3D05 /* BaseTableViewController.swift */; settings = {ASSET_TAGS = (); }; };
		C875CFA31B9FDE38004D3D05 /* Demo.storyboard in Resources */ = {isa = PBXBuildFile; fileRef = C875CF941B9FDE38004D3D05 /* Demo.storyboard */; settings = {ASSET_TAGS = (); }; };
		C875CFA41B9FDE38004D3D05 /* MainViewController.swift in Sources */ = {isa = PBXBuildFile; fileRef = C875CF951B9FDE38004D3D05 /* MainViewController.swift */; settings = {ASSET_TAGS = (); }; };
		C875CFA51B9FDE38004D3D05 /* VisitorLoginView.swift in Sources */ = {isa = PBXBuildFile; fileRef = C875CF961B9FDE38004D3D05 /* VisitorLoginView.swift */; settings = {ASSET_TAGS = (); }; };
		C875CFA61B9FDE38004D3D05 /* MessageTableViewController.swift in Sources */ = {isa = PBXBuildFile; fileRef = C875CF981B9FDE38004D3D05 /* MessageTableViewController.swift */; settings = {ASSET_TAGS = (); }; };
		C875CFA71B9FDE38004D3D05 /* OAuthViewController.swift in Sources */ = {isa = PBXBuildFile; fileRef = C875CF9A1B9FDE38004D3D05 /* OAuthViewController.swift */; settings = {ASSET_TAGS = (); }; };
		C875CFA81B9FDE38004D3D05 /* ProfileTableViewController.swift in Sources */ = {isa = PBXBuildFile; fileRef = C875CF9C1B9FDE38004D3D05 /* ProfileTableViewController.swift */; settings = {ASSET_TAGS = (); }; };
		C875CFA91B9FDE38004D3D05 /* NetworkTools.swift in Sources */ = {isa = PBXBuildFile; fileRef = C875CF9E1B9FDE38004D3D05 /* NetworkTools.swift */; settings = {ASSET_TAGS = (); }; };
/* End PBXBuildFile section */

/* Begin PBXFileReference section */
		136015B70CF87CCAD8943860 /* Pods.release.xcconfig */ = {isa = PBXFileReference; includeInIndex = 1; lastKnownFileType = text.xcconfig; name = Pods.release.xcconfig; path = "Pods/Target Support Files/Pods/Pods.release.xcconfig"; sourceTree = "<group>"; };
		AE9F888342722EE6FD2C83B9 /* Pods.debug.xcconfig */ = {isa = PBXFileReference; includeInIndex = 1; lastKnownFileType = text.xcconfig; name = Pods.debug.xcconfig; path = "Pods/Target Support Files/Pods/Pods.debug.xcconfig"; sourceTree = "<group>"; };
		C85ADB211B9FD6860038AE78 /* 学习微博.app */ = {isa = PBXFileReference; explicitFileType = wrapper.application; includeInIndex = 0; path = "学习微博.app"; sourceTree = BUILT_PRODUCTS_DIR; };
		C85ADB241B9FD6860038AE78 /* AppDelegate.swift */ = {isa = PBXFileReference; lastKnownFileType = sourcecode.swift; path = AppDelegate.swift; sourceTree = "<group>"; };
		C85ADB2B1B9FD6860038AE78 /* Assets.xcassets */ = {isa = PBXFileReference; lastKnownFileType = folder.assetcatalog; path = Assets.xcassets; sourceTree = "<group>"; };
		C85ADB301B9FD6860038AE78 /* Info.plist */ = {isa = PBXFileReference; lastKnownFileType = text.plist.xml; path = Info.plist; sourceTree = "<group>"; };
		C875CF8C1B9FDE38004D3D05 /* UserAccount.swift */ = {isa = PBXFileReference; fileEncoding = 4; lastKnownFileType = sourcecode.swift; path = UserAccount.swift; sourceTree = "<group>"; };
		C875CF8F1B9FDE38004D3D05 /* DiscoverTableViewController.swift */ = {isa = PBXFileReference; fileEncoding = 4; lastKnownFileType = sourcecode.swift; path = DiscoverTableViewController.swift; sourceTree = "<group>"; };
		C875CF911B9FDE38004D3D05 /* HomeTableViewController.swift */ = {isa = PBXFileReference; fileEncoding = 4; lastKnownFileType = sourcecode.swift; path = HomeTableViewController.swift; sourceTree = "<group>"; };
		C875CF931B9FDE38004D3D05 /* BaseTableViewController.swift */ = {isa = PBXFileReference; fileEncoding = 4; lastKnownFileType = sourcecode.swift; path = BaseTableViewController.swift; sourceTree = "<group>"; };
		C875CF941B9FDE38004D3D05 /* Demo.storyboard */ = {isa = PBXFileReference; fileEncoding = 4; lastKnownFileType = file.storyboard; path = Demo.storyboard; sourceTree = "<group>"; };
		C875CF951B9FDE38004D3D05 /* MainViewController.swift */ = {isa = PBXFileReference; fileEncoding = 4; lastKnownFileType = sourcecode.swift; path = MainViewController.swift; sourceTree = "<group>"; };
		C875CF961B9FDE38004D3D05 /* VisitorLoginView.swift */ = {isa = PBXFileReference; fileEncoding = 4; lastKnownFileType = sourcecode.swift; path = VisitorLoginView.swift; sourceTree = "<group>"; };
		C875CF981B9FDE38004D3D05 /* MessageTableViewController.swift */ = {isa = PBXFileReference; fileEncoding = 4; lastKnownFileType = sourcecode.swift; path = MessageTableViewController.swift; sourceTree = "<group>"; };
		C875CF9A1B9FDE38004D3D05 /* OAuthViewController.swift */ = {isa = PBXFileReference; fileEncoding = 4; lastKnownFileType = sourcecode.swift; path = OAuthViewController.swift; sourceTree = "<group>"; };
		C875CF9C1B9FDE38004D3D05 /* ProfileTableViewController.swift */ = {isa = PBXFileReference; fileEncoding = 4; lastKnownFileType = sourcecode.swift; path = ProfileTableViewController.swift; sourceTree = "<group>"; };
		C875CF9E1B9FDE38004D3D05 /* NetworkTools.swift */ = {isa = PBXFileReference; fileEncoding = 4; lastKnownFileType = sourcecode.swift; path = NetworkTools.swift; sourceTree = "<group>"; };
		E4007802E2A99C9C2D6D9842 /* Pods.framework */ = {isa = PBXFileReference; explicitFileType = wrapper.framework; includeInIndex = 0; path = Pods.framework; sourceTree = BUILT_PRODUCTS_DIR; };
/* End PBXFileReference section */

/* Begin PBXFrameworksBuildPhase section */
		C85ADB1E1B9FD6860038AE78 /* Frameworks */ = {
			isa = PBXFrameworksBuildPhase;
			buildActionMask = 2147483647;
			files = (
				71EC53B87C82F83DD039DABD /* Pods.framework in Frameworks */,
			);
			runOnlyForDeploymentPostprocessing = 0;
		};
/* End PBXFrameworksBuildPhase section */

/* Begin PBXGroup section */
		B192E7EF9790C151E01EB752 /* Frameworks */ = {
			isa = PBXGroup;
			children = (
				E4007802E2A99C9C2D6D9842 /* Pods.framework */,
			);
			name = Frameworks;
			sourceTree = "<group>";
		};
		C85ADB181B9FD6860038AE78 = {
			isa = PBXGroup;
			children = (
				C85ADB231B9FD6860038AE78 /* 学习微博 */,
				C85ADB221B9FD6860038AE78 /* Products */,
				ED10D470E2EA393976E9622F /* Pods */,
				B192E7EF9790C151E01EB752 /* Frameworks */,
			);
			sourceTree = "<group>";
		};
		C85ADB221B9FD6860038AE78 /* Products */ = {
			isa = PBXGroup;
			children = (
				C85ADB211B9FD6860038AE78 /* 学习微博.app */,
			);
			name = Products;
			sourceTree = "<group>";
		};
		C85ADB231B9FD6860038AE78 /* 学习微博 */ = {
			isa = PBXGroup;
			children = (
				C875CF8A1B9FDE38004D3D05 /* Classes */,
				C85ADB241B9FD6860038AE78 /* AppDelegate.swift */,
				C85ADB2B1B9FD6860038AE78 /* Assets.xcassets */,
				C85ADB301B9FD6860038AE78 /* Info.plist */,
			);
			path = "学习微博";
			sourceTree = "<group>";
		};
		C875CF8A1B9FDE38004D3D05 /* Classes */ = {
			isa = PBXGroup;
			children = (
				C875CF8B1B9FDE38004D3D05 /* Model */,
				C875CF8D1B9FDE38004D3D05 /* Module */,
				C875CF9D1B9FDE38004D3D05 /* Tools */,
			);
			path = Classes;
			sourceTree = "<group>";
		};
		C875CF8B1B9FDE38004D3D05 /* Model */ = {
			isa = PBXGroup;
			children = (
				C875CF8C1B9FDE38004D3D05 /* UserAccount.swift */,
			);
			path = Model;
			sourceTree = "<group>";
		};
		C875CF8D1B9FDE38004D3D05 /* Module */ = {
			isa = PBXGroup;
			children = (
				C875CF921B9FDE38004D3D05 /* Main */,
				C875CF901B9FDE38004D3D05 /* Home */,
				C875CF971B9FDE38004D3D05 /* Message */,
				C875CF8E1B9FDE38004D3D05 /* Discover */,
				C875CF9B1B9FDE38004D3D05 /* Profile */,
				C875CF991B9FDE38004D3D05 /* OAuth */,
			);
			path = Module;
			sourceTree = "<group>";
		};
		C875CF8E1B9FDE38004D3D05 /* Discover */ = {
			isa = PBXGroup;
			children = (
				C875CF8F1B9FDE38004D3D05 /* DiscoverTableViewController.swift */,
			);
			path = Discover;
			sourceTree = "<group>";
		};
		C875CF901B9FDE38004D3D05 /* Home */ = {
			isa = PBXGroup;
			children = (
				C875CF911B9FDE38004D3D05 /* HomeTableViewController.swift */,
			);
			path = Home;
			sourceTree = "<group>";
		};
		C875CF921B9FDE38004D3D05 /* Main */ = {
			isa = PBXGroup;
			children = (
				C875CF941B9FDE38004D3D05 /* Demo.storyboard */,
				C875CF951B9FDE38004D3D05 /* MainViewController.swift */,
				C875CF931B9FDE38004D3D05 /* BaseTableViewController.swift */,
				C875CF961B9FDE38004D3D05 /* VisitorLoginView.swift */,
			);
			path = Main;
			sourceTree = "<group>";
		};
		C875CF971B9FDE38004D3D05 /* Message */ = {
			isa = PBXGroup;
			children = (
				C875CF981B9FDE38004D3D05 /* MessageTableViewController.swift */,
			);
			path = Message;
			sourceTree = "<group>";
		};
		C875CF991B9FDE38004D3D05 /* OAuth */ = {
			isa = PBXGroup;
			children = (
				C875CF9A1B9FDE38004D3D05 /* OAuthViewController.swift */,
			);
			path = OAuth;
			sourceTree = "<group>";
		};
		C875CF9B1B9FDE38004D3D05 /* Profile */ = {
			isa = PBXGroup;
			children = (
				C875CF9C1B9FDE38004D3D05 /* ProfileTableViewController.swift */,
			);
			path = Profile;
			sourceTree = "<group>";
		};
		C875CF9D1B9FDE38004D3D05 /* Tools */ = {
			isa = PBXGroup;
			children = (
				C875CF9E1B9FDE38004D3D05 /* NetworkTools.swift */,
			);
			path = Tools;
			sourceTree = "<group>";
		};
		ED10D470E2EA393976E9622F /* Pods */ = {
			isa = PBXGroup;
			children = (
				AE9F888342722EE6FD2C83B9 /* Pods.debug.xcconfig */,
				136015B70CF87CCAD8943860 /* Pods.release.xcconfig */,
			);
			name = Pods;
			sourceTree = "<group>";
		};
/* End PBXGroup section */

/* Begin PBXNativeTarget section */
		C85ADB201B9FD6860038AE78 /* 学习微博 */ = {
			isa = PBXNativeTarget;
			buildConfigurationList = C85ADB331B9FD6860038AE78 /* Build configuration list for PBXNativeTarget "学习微博" */;
			buildPhases = (
				9D09D185276B1969DCAAE06A /* Check Pods Manifest.lock */,
				C85ADB1D1B9FD6860038AE78 /* Sources */,
				C85ADB1E1B9FD6860038AE78 /* Frameworks */,
				C85ADB1F1B9FD6860038AE78 /* Resources */,
				754F96C82BB416F2BDF997C0 /* Embed Pods Frameworks */,
				66912C795E85CF57D80BC51D /* Copy Pods Resources */,
			);
			buildRules = (
			);
			dependencies = (
			);
			name = "学习微博";
			productName = "学习微博";
			productReference = C85ADB211B9FD6860038AE78 /* 学习微博.app */;
			productType = "com.apple.product-type.application";
		};
/* End PBXNativeTarget section */

/* Begin PBXProject section */
		C85ADB191B9FD6860038AE78 /* Project object */ = {
			isa = PBXProject;
			attributes = {
				LastUpgradeCheck = 0700;
				ORGANIZATIONNAME = IOS;
				TargetAttributes = {
					C85ADB201B9FD6860038AE78 = {
						CreatedOnToolsVersion = 7.0;
						DevelopmentTeam = FH9W8F29VF;
					};
				};
			};
			buildConfigurationList = C85ADB1C1B9FD6860038AE78 /* Build configuration list for PBXProject "学习微博" */;
			compatibilityVersion = "Xcode 3.2";
			developmentRegion = English;
			hasScannedForEncodings = 0;
			knownRegions = (
				en,
				Base,
			);
			mainGroup = C85ADB181B9FD6860038AE78;
			productRefGroup = C85ADB221B9FD6860038AE78 /* Products */;
			projectDirPath = "";
			projectRoot = "";
			targets = (
				C85ADB201B9FD6860038AE78 /* 学习微博 */,
			);
		};
/* End PBXProject section */

/* Begin PBXResourcesBuildPhase section */
		C85ADB1F1B9FD6860038AE78 /* Resources */ = {
			isa = PBXResourcesBuildPhase;
			buildActionMask = 2147483647;
			files = (
				C85ADB2C1B9FD6860038AE78 /* Assets.xcassets in Resources */,
				C875CFA31B9FDE38004D3D05 /* Demo.storyboard in Resources */,
			);
			runOnlyForDeploymentPostprocessing = 0;
		};
/* End PBXResourcesBuildPhase section */

/* Begin PBXShellScriptBuildPhase section */
		66912C795E85CF57D80BC51D /* Copy Pods Resources */ = {
			isa = PBXShellScriptBuildPhase;
			buildActionMask = 2147483647;
			files = (
			);
			inputPaths = (
			);
			name = "Copy Pods Resources";
			outputPaths = (
			);
			runOnlyForDeploymentPostprocessing = 0;
			shellPath = /bin/sh;
			shellScript = "\"${SRCROOT}/Pods/Target Support Files/Pods/Pods-resources.sh\"\n";
			showEnvVarsInLog = 0;
		};
		754F96C82BB416F2BDF997C0 /* Embed Pods Frameworks */ = {
			isa = PBXShellScriptBuildPhase;
			buildActionMask = 2147483647;
			files = (
			);
			inputPaths = (
			);
			name = "Embed Pods Frameworks";
			outputPaths = (
			);
			runOnlyForDeploymentPostprocessing = 0;
			shellPath = /bin/sh;
			shellScript = "\"${SRCROOT}/Pods/Target Support Files/Pods/Pods-frameworks.sh\"\n";
			showEnvVarsInLog = 0;
		};
		9D09D185276B1969DCAAE06A /* Check Pods Manifest.lock */ = {
			isa = PBXShellScriptBuildPhase;
			buildActionMask = 2147483647;
			files = (
			);
			inputPaths = (
			);
			name = "Check Pods Manifest.lock";
			outputPaths = (
			);
			runOnlyForDeploymentPostprocessing = 0;
			shellPath = /bin/sh;
			shellScript = "diff \"${PODS_ROOT}/../Podfile.lock\" \"${PODS_ROOT}/Manifest.lock\" > /dev/null\nif [[ $? != 0 ]] ; then\n    cat << EOM\nerror: The sandbox is not in sync with the Podfile.lock. Run 'pod install' or update your CocoaPods installation.\nEOM\n    exit 1\nfi\n";
			showEnvVarsInLog = 0;
		};
/* End PBXShellScriptBuildPhase section */

/* Begin PBXSourcesBuildPhase section */
		C85ADB1D1B9FD6860038AE78 /* Sources */ = {
			isa = PBXSourcesBuildPhase;
			buildActionMask = 2147483647;
			files = (
				C875CFA11B9FDE38004D3D05 /* HomeTableViewController.swift in Sources */,
				C875CFA91B9FDE38004D3D05 /* NetworkTools.swift in Sources */,
				C875CFA71B9FDE38004D3D05 /* OAuthViewController.swift in Sources */,
				C875CF9F1B9FDE38004D3D05 /* UserAccount.swift in Sources */,
				C875CFA21B9FDE38004D3D05 /* BaseTableViewController.swift in Sources */,
				C875CFA51B9FDE38004D3D05 /* VisitorLoginView.swift in Sources */,
				C875CFA41B9FDE38004D3D05 /* MainViewController.swift in Sources */,
				C875CFA81B9FDE38004D3D05 /* ProfileTableViewController.swift in Sources */,
				C875CFA01B9FDE38004D3D05 /* DiscoverTableViewController.swift in Sources */,
				C875CFA61B9FDE38004D3D05 /* MessageTableViewController.swift in Sources */,
				C85ADB251B9FD6860038AE78 /* AppDelegate.swift in Sources */,
			);
			runOnlyForDeploymentPostprocessing = 0;
		};
/* End PBXSourcesBuildPhase section */

/* Begin XCBuildConfiguration section */
		C85ADB311B9FD6860038AE78 /* Debug */ = {
			isa = XCBuildConfiguration;
			buildSettings = {
				ALWAYS_SEARCH_USER_PATHS = NO;
				CLANG_CXX_LANGUAGE_STANDARD = "gnu++0x";
				CLANG_CXX_LIBRARY = "libc++";
				CLANG_ENABLE_MODULES = YES;
				CLANG_ENABLE_OBJC_ARC = YES;
				CLANG_WARN_BOOL_CONVERSION = YES;
				CLANG_WARN_CONSTANT_CONVERSION = YES;
				CLANG_WARN_DIRECT_OBJC_ISA_USAGE = YES_ERROR;
				CLANG_WARN_EMPTY_BODY = YES;
				CLANG_WARN_ENUM_CONVERSION = YES;
				CLANG_WARN_INT_CONVERSION = YES;
				CLANG_WARN_OBJC_ROOT_CLASS = YES_ERROR;
				CLANG_WARN_UNREACHABLE_CODE = YES;
				CLANG_WARN__DUPLICATE_METHOD_MATCH = YES;
				"CODE_SIGN_IDENTITY[sdk=iphoneos*]" = "iPhone Developer";
				COPY_PHASE_STRIP = NO;
				DEBUG_INFORMATION_FORMAT = dwarf;
				ENABLE_STRICT_OBJC_MSGSEND = YES;
				ENABLE_TESTABILITY = YES;
				GCC_C_LANGUAGE_STANDARD = gnu99;
				GCC_DYNAMIC_NO_PIC = NO;
				GCC_NO_COMMON_BLOCKS = YES;
				GCC_OPTIMIZATION_LEVEL = 0;
				GCC_PREPROCESSOR_DEFINITIONS = (
					"DEBUG=1",
					"$(inherited)",
				);
				GCC_WARN_64_TO_32_BIT_CONVERSION = YES;
				GCC_WARN_ABOUT_RETURN_TYPE = YES_ERROR;
				GCC_WARN_UNDECLARED_SELECTOR = YES;
				GCC_WARN_UNINITIALIZED_AUTOS = YES_AGGRESSIVE;
				GCC_WARN_UNUSED_FUNCTION = YES;
				GCC_WARN_UNUSED_VARIABLE = YES;
				IPHONEOS_DEPLOYMENT_TARGET = 9.0;
				MTL_ENABLE_DEBUG_INFO = YES;
				ONLY_ACTIVE_ARCH = YES;
				SDKROOT = iphoneos;
				SWIFT_OPTIMIZATION_LEVEL = "-Onone";
				TARGETED_DEVICE_FAMILY = "1,2";
			};
			name = Debug;
		};
		C85ADB321B9FD6860038AE78 /* Release */ = {
			isa = XCBuildConfiguration;
			buildSettings = {
				ALWAYS_SEARCH_USER_PATHS = NO;
				CLANG_CXX_LANGUAGE_STANDARD = "gnu++0x";
				CLANG_CXX_LIBRARY = "libc++";
				CLANG_ENABLE_MODULES = YES;
				CLANG_ENABLE_OBJC_ARC = YES;
				CLANG_WARN_BOOL_CONVERSION = YES;
				CLANG_WARN_CONSTANT_CONVERSION = YES;
				CLANG_WARN_DIRECT_OBJC_ISA_USAGE = YES_ERROR;
				CLANG_WARN_EMPTY_BODY = YES;
				CLANG_WARN_ENUM_CONVERSION = YES;
				CLANG_WARN_INT_CONVERSION = YES;
				CLANG_WARN_OBJC_ROOT_CLASS = YES_ERROR;
				CLANG_WARN_UNREACHABLE_CODE = YES;
				CLANG_WARN__DUPLICATE_METHOD_MATCH = YES;
				"CODE_SIGN_IDENTITY[sdk=iphoneos*]" = "iPhone Developer";
				COPY_PHASE_STRIP = NO;
				DEBUG_INFORMATION_FORMAT = "dwarf-with-dsym";
				ENABLE_NS_ASSERTIONS = NO;
				ENABLE_STRICT_OBJC_MSGSEND = YES;
				GCC_C_LANGUAGE_STANDARD = gnu99;
				GCC_NO_COMMON_BLOCKS = YES;
				GCC_WARN_64_TO_32_BIT_CONVERSION = YES;
				GCC_WARN_ABOUT_RETURN_TYPE = YES_ERROR;
				GCC_WARN_UNDECLARED_SELECTOR = YES;
				GCC_WARN_UNINITIALIZED_AUTOS = YES_AGGRESSIVE;
				GCC_WARN_UNUSED_FUNCTION = YES;
				GCC_WARN_UNUSED_VARIABLE = YES;
				IPHONEOS_DEPLOYMENT_TARGET = 9.0;
				MTL_ENABLE_DEBUG_INFO = NO;
				SDKROOT = iphoneos;
				TARGETED_DEVICE_FAMILY = "1,2";
				VALIDATE_PRODUCT = YES;
			};
			name = Release;
		};
		C85ADB341B9FD6860038AE78 /* Debug */ = {
			isa = XCBuildConfiguration;
			baseConfigurationReference = AE9F888342722EE6FD2C83B9 /* Pods.debug.xcconfig */;
			buildSettings = {
				ASSETCATALOG_COMPILER_APPICON_NAME = AppIcon;
				ASSETCATALOG_COMPILER_LAUNCHIMAGE_NAME = BrandAsset;
				INFOPLIST_FILE = "学习微博/Info.plist";
				IPHONEOS_DEPLOYMENT_TARGET = 8.0;
				LD_RUNPATH_SEARCH_PATHS = "$(inherited) @executable_path/Frameworks";
				PRODUCT_BUNDLE_IDENTIFIER = "God-ios.----";
				PRODUCT_NAME = "$(TARGET_NAME)";
				TARGETED_DEVICE_FAMILY = 1;
			};
			name = Debug;
		};
		C85ADB351B9FD6860038AE78 /* Release */ = {
			isa = XCBuildConfiguration;
			baseConfigurationReference = 136015B70CF87CCAD8943860 /* Pods.release.xcconfig */;
			buildSettings = {
				ASSETCATALOG_COMPILER_APPICON_NAME = AppIcon;
				ASSETCATALOG_COMPILER_LAUNCHIMAGE_NAME = BrandAsset;
				INFOPLIST_FILE = "学习微博/Info.plist";
				IPHONEOS_DEPLOYMENT_TARGET = 8.0;
				LD_RUNPATH_SEARCH_PATHS = "$(inherited) @executable_path/Frameworks";
				PRODUCT_BUNDLE_IDENTIFIER = "God-ios.----";
				PRODUCT_NAME = "$(TARGET_NAME)";
				TARGETED_DEVICE_FAMILY = 1;
			};
			name = Release;
		};
/* End XCBuildConfiguration section */

/* Begin XCConfigurationList section */
		C85ADB1C1B9FD6860038AE78 /* Build configuration list for PBXProject "学习微博" */ = {
			isa = XCConfigurationList;
			buildConfigurations = (
				C85ADB311B9FD6860038AE78 /* Debug */,
				C85ADB321B9FD6860038AE78 /* Release */,
			);
			defaultConfigurationIsVisible = 0;
			defaultConfigurationName = Release;
		};
		C85ADB331B9FD6860038AE78 /* Build configuration list for PBXNativeTarget "学习微博" */ = {
			isa = XCConfigurationList;
			buildConfigurations = (
				C85ADB341B9FD6860038AE78 /* Debug */,
				C85ADB351B9FD6860038AE78 /* Release */,
			);
			defaultConfigurationIsVisible = 0;
			defaultConfigurationName = Release;
		};
/* End XCConfigurationList section */
	};
	rootObject = C85ADB191B9FD6860038AE78 /* Project object */;
}
